
Microsoft Visual Studio Solution File, Format Version 12.00
# Visual Studio Version 16
VisualStudioVersion = 16.0.34114.132
MinimumVisualStudioVersion = 10.0.40219.1
Project("{2150E333-8FDC-42A3-9474-1A3956D46DE8}") = "Task0", "Task0", "{7D587A38-69A8-4C7E-8493-C9EA690B90BB}"
EndProject
Project("{FAE04EC0-301F-11D3-BF4B-00C04F79EFBC}") = "Tyuiu.BorodulinMS.Sprint2.Task0.V4", "Tyuiu.BorodulinMS.Sprint2.Task0.V4\Tyuiu.BorodulinMS.Sprint2.Task0.V4.csproj", "{30414DA5-D49A-4C89-8960-38CEDBA81158}"
EndProject
Project("{FAE04EC0-301F-11D3-BF4B-00C04F79EFBC}") = "Tyuiu.BorodulinMS.Sprint2.Task0.V4.Lib", "Tyuiu.BorodulinMS.Sprint2.Task0.V4.Lib\Tyuiu.BorodulinMS.Sprint2.Task0.V4.Lib.csproj", "{BD88072D-E3D5-4832-AD6A-0AC8F2492B11}"
EndProject
Project("{FAE04EC0-301F-11D3-BF4B-00C04F79EFBC}") = "Tyuiu.BorodulinMS.Sprint2.Task0.V4.Test", "Tyuiu.BorodulinMS.Sprint2.Task0.V4.Test\Tyuiu.BorodulinMS.Sprint2.Task0.V4.Test.csproj", "{755A6FA9-0CE0-4B85-9CEE-DA70CA3F8C0D}"
EndProject
Project("{2150E333-8FDC-42A3-9474-1A3956D46DE8}") = "Task1", "Task1", "{AFBD5AEE-DE79-4EEB-858A-7F6A541AF104}"
EndProject
Project("{FAE04EC0-301F-11D3-BF4B-00C04F79EFBC}") = "Tyuiu.BorodulinMS.Sprint2.Task1.V29", "Tyuiu.BorodulinMS.Sprint2.Task1.V29\Tyuiu.BorodulinMS.Sprint2.Task1.V29.csproj", "{BA344632-D1C3-44B8-9E88-331527F30B82}"
EndProject
Project("{FAE04EC0-301F-11D3-BF4B-00C04F79EFBC}") = "Tyuiu.BorodulinMS.Sprint2.Task1.V29.Lib", "Tyuiu.BorodulinMS.Sprint2.Task1.V29.Lib\Tyuiu.BorodulinMS.Sprint2.Task1.V29.Lib.csproj", "{47D6C089-ECDD-40F8-BB3F-6ECA717D567A}"
EndProject
Project("{FAE04EC0-301F-11D3-BF4B-00C04F79EFBC}") = "Tyuiu.BorodulinMS.Sprint2.Task1.V29.Test", "Tyuiu.BorodulinMS.Sprint2.Task1.V29.Test\Tyuiu.BorodulinMS.Sprint2.Task1.V29.Test.csproj", "{9C51CA16-F7C2-4993-AB6F-B729FB179B44}"
EndProject
Project("{2150E333-8FDC-42A3-9474-1A3956D46DE8}") = "Task2", "Task2", "{6321BE6D-8BC0-4B90-8BA1-0ED20F446705}"
EndProject
Project("{FAE04EC0-301F-11D3-BF4B-00C04F79EFBC}") = "Tyuiu.BorodulinMS.Sprint2.Task2.V25", "Tyuiu.BorodulinMS.Sprint2.Task2.V25\Tyuiu.BorodulinMS.Sprint2.Task2.V25.csproj", "{70A81D38-0735-47BB-82AE-0A4DDAD2B570}"
EndProject
Project("{FAE04EC0-301F-11D3-BF4B-00C04F79EFBC}") = "Tyuiu.BorodulinMS.Sprint2.Task2.V25.Test", "Tyuiu.BorodulinMS.Sprint2.Task2.V25.Test\Tyuiu.BorodulinMS.Sprint2.Task2.V25.Test.csproj", "{B47932C3-7B89-48DC-B89E-AA1BFBBA21E5}"
EndProject
Project("{FAE04EC0-301F-11D3-BF4B-00C04F79EFBC}") = "Tyuiu.BorodulinMS.Sprint2.Task2.V25.Lib", "Tyuiu.BorodulinMS.Sprint2.Task2.V25.Lib\Tyuiu.BorodulinMS.Sprint2.Task2.V25.Lib.csproj", "{22A52EE6-942D-4E9C-A671-2E6325AFCB59}"
EndProject
Project("{2150E333-8FDC-42A3-9474-1A3956D46DE8}") = "Task3", "Task3", "{206C853D-5AE2-4CDC-BED0-0C8C5148A35F}"
EndProject
Project("{FAE04EC0-301F-11D3-BF4B-00C04F79EFBC}") = "Tyuiu.BorodulinMS.Sprint2.Task3.V13", "Tyuiu.BorodulinMS.Sprint2.Task3.V13\Tyuiu.BorodulinMS.Sprint2.Task3.V13.csproj", "{351A7433-28CE-4012-BC20-73448378A0D4}"
EndProject
Project("{FAE04EC0-301F-11D3-BF4B-00C04F79EFBC}") = "Tyuiu.BorodulinMS.Sprint2.Task3.V13.Lib", "Tyuiu.BorodulinMS.Sprint2.Task3.V13.Lib\Tyuiu.BorodulinMS.Sprint2.Task3.V13.Lib.csproj", "{DD477B9A-5F23-462D-99AE-7F69D509DD44}"
EndProject
Project("{FAE04EC0-301F-11D3-BF4B-00C04F79EFBC}") = "Tyuiu.BorodulinMS.Sprint2.Task3.V13.Test", "Tyuiu.BorodulinMS.Sprint2.Task3.V13.Test\Tyuiu.BorodulinMS.Sprint2.Task3.V13.Test.csproj", "{978D5C86-018E-4D26-81F6-5857E6D5A6CE}"
EndProject
Project("{2150E333-8FDC-42A3-9474-1A3956D46DE8}") = "Task4", "Task4", "{6DCB0A0A-BBC2-4D33-B5E1-C71AA53C11C2}"
EndProject
Project("{FAE04EC0-301F-11D3-BF4B-00C04F79EFBC}") = "Tyuiu.BorodulinMS.Sprint2.Task4.V11", "Tyuiu.BorodulinMS.Sprint2.Task4.V11\Tyuiu.BorodulinMS.Sprint2.Task4.V11.csproj", "{09B98FC4-2381-4E04-ACC6-247CEDB10867}"
EndProject
Project("{FAE04EC0-301F-11D3-BF4B-00C04F79EFBC}") = "Tyuiu.BorodulinMS.Sprint2.Task4.V11.Test", "Tyuiu.BorodulinMS.Sprint2.Task4.V11.Test\Tyuiu.BorodulinMS.Sprint2.Task4.V11.Test.csproj", "{1334973D-FAA4-4D78-81F7-CA27405B9BB1}"
EndProject
Project("{FAE04EC0-301F-11D3-BF4B-00C04F79EFBC}") = "Tyuiu.BorodulinMS.Sprint2.Task4.V11.Lib", "Tyuiu.BorodulinMS.Sprint2.Task4.V11.Lib\Tyuiu.BorodulinMS.Sprint2.Task4.V11.Lib.csproj", "{62FA1F25-DDD6-4254-A057-8C79FAE170F5}"
EndProject
Project("{2150E333-8FDC-42A3-9474-1A3956D46DE8}") = "Task5", "Task5", "{9A262DF8-027B-41D6-9241-78065B92A070}"
EndProject
Project("{FAE04EC0-301F-11D3-BF4B-00C04F79EFBC}") = "Tyuiu.BorodulinMS.Sprint2.Task5.V7", "Tyuiu.BorodulinMS.Sprint2.Task5.V7\Tyuiu.BorodulinMS.Sprint2.Task5.V7.csproj", "{1AE39C16-DD4F-428B-8C2F-2652BE7B971F}"
EndProject
Project("{FAE04EC0-301F-11D3-BF4B-00C04F79EFBC}") = "Tyuiu.BorodulinMS.Sprint2.Task5.V7.Lib", "Tyuiu.BorodulinMS.Sprint2.Task5.V7.Lib\Tyuiu.BorodulinMS.Sprint2.Task5.V7.Lib.csproj", "{60A91D40-C1DA-4080-AA48-AC02C63E1739}"
EndProject
Project("{FAE04EC0-301F-11D3-BF4B-00C04F79EFBC}") = "Tyuiu.BorodulinMS.Sprint2.Task5.V7.Test", "Tyuiu.BorodulinMS.Sprint2.Task5.V7.Test\Tyuiu.BorodulinMS.Sprint2.Task5.V7.Test.csproj", "{0F2E2A8E-B489-4092-8E77-CDBA97158593}"
EndProject
Global
	GlobalSection(SolutionConfigurationPlatforms) = preSolution
		Debug|Any CPU = Debug|Any CPU
		Release|Any CPU = Release|Any CPU
	EndGlobalSection
	GlobalSection(ProjectConfigurationPlatforms) = postSolution
		{30414DA5-D49A-4C89-8960-38CEDBA81158}.Debug|Any CPU.ActiveCfg = Debug|Any CPU
		{30414DA5-D49A-4C89-8960-38CEDBA81158}.Debug|Any CPU.Build.0 = Debug|Any CPU
		{30414DA5-D49A-4C89-8960-38CEDBA81158}.Release|Any CPU.ActiveCfg = Release|Any CPU
		{30414DA5-D49A-4C89-8960-38CEDBA81158}.Release|Any CPU.Build.0 = Release|Any CPU
		{BD88072D-E3D5-4832-AD6A-0AC8F2492B11}.Debug|Any CPU.ActiveCfg = Debug|Any CPU
		{BD88072D-E3D5-4832-AD6A-0AC8F2492B11}.Debug|Any CPU.Build.0 = Debug|Any CPU
		{BD88072D-E3D5-4832-AD6A-0AC8F2492B11}.Release|Any CPU.ActiveCfg = Release|Any CPU
		{BD88072D-E3D5-4832-AD6A-0AC8F2492B11}.Release|Any CPU.Build.0 = Release|Any CPU
		{755A6FA9-0CE0-4B85-9CEE-DA70CA3F8C0D}.Debug|Any CPU.ActiveCfg = Debug|Any CPU
		{755A6FA9-0CE0-4B85-9CEE-DA70CA3F8C0D}.Debug|Any CPU.Build.0 = Debug|Any CPU
		{755A6FA9-0CE0-4B85-9CEE-DA70CA3F8C0D}.Release|Any CPU.ActiveCfg = Release|Any CPU
		{755A6FA9-0CE0-4B85-9CEE-DA70CA3F8C0D}.Release|Any CPU.Build.0 = Release|Any CPU
		{BA344632-D1C3-44B8-9E88-331527F30B82}.Debug|Any CPU.ActiveCfg = Debug|Any CPU
		{BA344632-D1C3-44B8-9E88-331527F30B82}.Debug|Any CPU.Build.0 = Debug|Any CPU
		{BA344632-D1C3-44B8-9E88-331527F30B82}.Release|Any CPU.ActiveCfg = Release|Any CPU
		{BA344632-D1C3-44B8-9E88-331527F30B82}.Release|Any CPU.Build.0 = Release|Any CPU
		{47D6C089-ECDD-40F8-BB3F-6ECA717D567A}.Debug|Any CPU.ActiveCfg = Debug|Any CPU
		{47D6C089-ECDD-40F8-BB3F-6ECA717D567A}.Debug|Any CPU.Build.0 = Debug|Any CPU
		{47D6C089-ECDD-40F8-BB3F-6ECA717D567A}.Release|Any CPU.ActiveCfg = Release|Any CPU
		{47D6C089-ECDD-40F8-BB3F-6ECA717D567A}.Release|Any CPU.Build.0 = Release|Any CPU
		{9C51CA16-F7C2-4993-AB6F-B729FB179B44}.Debug|Any CPU.ActiveCfg = Debug|Any CPU
		{9C51CA16-F7C2-4993-AB6F-B729FB179B44}.Debug|Any CPU.Build.0 = Debug|Any CPU
		{9C51CA16-F7C2-4993-AB6F-B729FB179B44}.Release|Any CPU.ActiveCfg = Release|Any CPU
		{9C51CA16-F7C2-4993-AB6F-B729FB179B44}.Release|Any CPU.Build.0 = Release|Any CPU
		{70A81D38-0735-47BB-82AE-0A4DDAD2B570}.Debug|Any CPU.ActiveCfg = Debug|Any CPU
		{70A81D38-0735-47BB-82AE-0A4DDAD2B570}.Debug|Any CPU.Build.0 = Debug|Any CPU
		{70A81D38-0735-47BB-82AE-0A4DDAD2B570}.Release|Any CPU.ActiveCfg = Release|Any CPU
		{70A81D38-0735-47BB-82AE-0A4DDAD2B570}.Release|Any CPU.Build.0 = Release|Any CPU
		{B47932C3-7B89-48DC-B89E-AA1BFBBA21E5}.Debug|Any CPU.ActiveCfg = Debug|Any CPU
		{B47932C3-7B89-48DC-B89E-AA1BFBBA21E5}.Debug|Any CPU.Build.0 = Debug|Any CPU
		{B47932C3-7B89-48DC-B89E-AA1BFBBA21E5}.Release|Any CPU.ActiveCfg = Release|Any CPU
		{B47932C3-7B89-48DC-B89E-AA1BFBBA21E5}.Release|Any CPU.Build.0 = Release|Any CPU
		{22A52EE6-942D-4E9C-A671-2E6325AFCB59}.Debug|Any CPU.ActiveCfg = Debug|Any CPU
		{22A52EE6-942D-4E9C-A671-2E6325AFCB59}.Debug|Any CPU.Build.0 = Debug|Any CPU
		{22A52EE6-942D-4E9C-A671-2E6325AFCB59}.Release|Any CPU.ActiveCfg = Release|Any CPU
		{22A52EE6-942D-4E9C-A671-2E6325AFCB59}.Release|Any CPU.Build.0 = Release|Any CPU
		{351A7433-28CE-4012-BC20-73448378A0D4}.Debug|Any CPU.ActiveCfg = Debug|Any CPU
		{351A7433-28CE-4012-BC20-73448378A0D4}.Debug|Any CPU.Build.0 = Debug|Any CPU
		{351A7433-28CE-4012-BC20-73448378A0D4}.Release|Any CPU.ActiveCfg = Release|Any CPU
		{351A7433-28CE-4012-BC20-73448378A0D4}.Release|Any CPU.Build.0 = Release|Any CPU
		{DD477B9A-5F23-462D-99AE-7F69D509DD44}.Debug|Any CPU.ActiveCfg = Debug|Any CPU
		{DD477B9A-5F23-462D-99AE-7F69D509DD44}.Debug|Any CPU.Build.0 = Debug|Any CPU
		{DD477B9A-5F23-462D-99AE-7F69D509DD44}.Release|Any CPU.ActiveCfg = Release|Any CPU
		{DD477B9A-5F23-462D-99AE-7F69D509DD44}.Release|Any CPU.Build.0 = Release|Any CPU
		{978D5C86-018E-4D26-81F6-5857E6D5A6CE}.Debug|Any CPU.ActiveCfg = Debug|Any CPU
		{978D5C86-018E-4D26-81F6-5857E6D5A6CE}.Debug|Any CPU.Build.0 = Debug|Any CPU
		{978D5C86-018E-4D26-81F6-5857E6D5A6CE}.Release|Any CPU.ActiveCfg = Release|Any CPU
		{978D5C86-018E-4D26-81F6-5857E6D5A6CE}.Release|Any CPU.Build.0 = Release|Any CPU
		{09B98FC4-2381-4E04-ACC6-247CEDB10867}.Debug|Any CPU.ActiveCfg = Debug|Any CPU
		{09B98FC4-2381-4E04-ACC6-247CEDB10867}.Debug|Any CPU.Build.0 = Debug|Any CPU
		{09B98FC4-2381-4E04-ACC6-247CEDB10867}.Release|Any CPU.ActiveCfg = Release|Any CPU
		{09B98FC4-2381-4E04-ACC6-247CEDB10867}.Release|Any CPU.Build.0 = Release|Any CPU
		{1334973D-FAA4-4D78-81F7-CA27405B9BB1}.Debug|Any CPU.ActiveCfg = Debug|Any CPU
		{1334973D-FAA4-4D78-81F7-CA27405B9BB1}.Debug|Any CPU.Build.0 = Debug|Any CPU
		{1334973D-FAA4-4D78-81F7-CA27405B9BB1}.Release|Any CPU.ActiveCfg = Release|Any CPU
		{1334973D-FAA4-4D78-81F7-CA27405B9BB1}.Release|Any CPU.Build.0 = Release|Any CPU
		{62FA1F25-DDD6-4254-A057-8C79FAE170F5}.Debug|Any CPU.ActiveCfg = Debug|Any CPU
		{62FA1F25-DDD6-4254-A057-8C79FAE170F5}.Debug|Any CPU.Build.0 = Debug|Any CPU
		{62FA1F25-DDD6-4254-A057-8C79FAE170F5}.Release|Any CPU.ActiveCfg = Release|Any CPU
		{62FA1F25-DDD6-4254-A057-8C79FAE170F5}.Release|Any CPU.Build.0 = Release|Any CPU
		{1AE39C16-DD4F-428B-8C2F-2652BE7B971F}.Debug|Any CPU.ActiveCfg = Debug|Any CPU
		{1AE39C16-DD4F-428B-8C2F-2652BE7B971F}.Debug|Any CPU.Build.0 = Debug|Any CPU
		{1AE39C16-DD4F-428B-8C2F-2652BE7B971F}.Release|Any CPU.ActiveCfg = Release|Any CPU
		{1AE39C16-DD4F-428B-8C2F-2652BE7B971F}.Release|Any CPU.Build.0 = Release|Any CPU
		{60A91D40-C1DA-4080-AA48-AC02C63E1739}.Debug|Any CPU.ActiveCfg = Debug|Any CPU
		{60A91D40-C1DA-4080-AA48-AC02C63E1739}.Debug|Any CPU.Build.0 = Debug|Any CPU
		{60A91D40-C1DA-4080-AA48-AC02C63E1739}.Release|Any CPU.ActiveCfg = Release|Any CPU
		{60A91D40-C1DA-4080-AA48-AC02C63E1739}.Release|Any CPU.Build.0 = Release|Any CPU
		{0F2E2A8E-B489-4092-8E77-CDBA97158593}.Debug|Any CPU.ActiveCfg = Debug|Any CPU
		{0F2E2A8E-B489-4092-8E77-CDBA97158593}.Debug|Any CPU.Build.0 = Debug|Any CPU
		{0F2E2A8E-B489-4092-8E77-CDBA97158593}.Release|Any CPU.ActiveCfg = Release|Any CPU
		{0F2E2A8E-B489-4092-8E77-CDBA97158593}.Release|Any CPU.Build.0 = Release|Any CPU
	EndGlobalSection
	GlobalSection(SolutionProperties) = preSolution
		HideSolutionNode = FALSE
	EndGlobalSection
	GlobalSection(NestedProjects) = preSolution
		{30414DA5-D49A-4C89-8960-38CEDBA81158} = {7D587A38-69A8-4C7E-8493-C9EA690B90BB}
		{BD88072D-E3D5-4832-AD6A-0AC8F2492B11} = {7D587A38-69A8-4C7E-8493-C9EA690B90BB}
		{755A6FA9-0CE0-4B85-9CEE-DA70CA3F8C0D} = {7D587A38-69A8-4C7E-8493-C9EA690B90BB}
		{BA344632-D1C3-44B8-9E88-331527F30B82} = {AFBD5AEE-DE79-4EEB-858A-7F6A541AF104}
		{47D6C089-ECDD-40F8-BB3F-6ECA717D567A} = {AFBD5AEE-DE79-4EEB-858A-7F6A541AF104}
		{9C51CA16-F7C2-4993-AB6F-B729FB179B44} = {AFBD5AEE-DE79-4EEB-858A-7F6A541AF104}
		{70A81D38-0735-47BB-82AE-0A4DDAD2B570} = {6321BE6D-8BC0-4B90-8BA1-0ED20F446705}
		{B47932C3-7B89-48DC-B89E-AA1BFBBA21E5} = {6321BE6D-8BC0-4B90-8BA1-0ED20F446705}
		{22A52EE6-942D-4E9C-A671-2E6325AFCB59} = {6321BE6D-8BC0-4B90-8BA1-0ED20F446705}
		{351A7433-28CE-4012-BC20-73448378A0D4} = {206C853D-5AE2-4CDC-BED0-0C8C5148A35F}
		{DD477B9A-5F23-462D-99AE-7F69D509DD44} = {206C853D-5AE2-4CDC-BED0-0C8C5148A35F}
		{978D5C86-018E-4D26-81F6-5857E6D5A6CE} = {206C853D-5AE2-4CDC-BED0-0C8C5148A35F}
		{09B98FC4-2381-4E04-ACC6-247CEDB10867} = {6DCB0A0A-BBC2-4D33-B5E1-C71AA53C11C2}
		{1334973D-FAA4-4D78-81F7-CA27405B9BB1} = {6DCB0A0A-BBC2-4D33-B5E1-C71AA53C11C2}
		{62FA1F25-DDD6-4254-A057-8C79FAE170F5} = {6DCB0A0A-BBC2-4D33-B5E1-C71AA53C11C2}
		{1AE39C16-DD4F-428B-8C2F-2652BE7B971F} = {9A262DF8-027B-41D6-9241-78065B92A070}
		{60A91D40-C1DA-4080-AA48-AC02C63E1739} = {9A262DF8-027B-41D6-9241-78065B92A070}
		{0F2E2A8E-B489-4092-8E77-CDBA97158593} = {9A262DF8-027B-41D6-9241-78065B92A070}
	EndGlobalSection
	GlobalSection(ExtensibilityGlobals) = postSolution
		SolutionGuid = {D18E2983-5D89-46BA-9012-C89D054D8D20}
	EndGlobalSection
EndGlobal
